
Microsoft Visual Studio Solution File, Format Version 12.00
Project("{FAE04EC0-301F-11D3-BF4B-00C04F79EFBC}") = "OnePlan.Web", "OnePlan.Web\OnePlan.Web.csproj", "{53866B25-ADEB-40B1-9B51-85568E7B095F}"
EndProject
Project("{FAE04EC0-301F-11D3-BF4B-00C04F79EFBC}") = "OnePlan.Business", "OnePlan.Business\OnePlan.Business.csproj", "{4902F1A8-8955-443A-B836-92FC5B35E3A3}"
EndProject
Project("{FAE04EC0-301F-11D3-BF4B-00C04F79EFBC}") = "OnePlan.Data", "OnePlan.Data\OnePlan.Data.csproj", "{BD76C4EE-20A4-4739-87F4-507318E8646F}"
EndProject
Project("{FAE04EC0-301F-11D3-BF4B-00C04F79EFBC}") = "OnePlan.Core", "OnePlan.Core\OnePlan.Core.csproj", "{ACEE0BB2-A419-4170-874E-88935C877FC9}"
EndProject
Global
	GlobalSection(SolutionConfigurationPlatforms) = preSolution
		Debug|Any CPU = Debug|Any CPU
		Release|Any CPU = Release|Any CPU
	EndGlobalSection
	GlobalSection(ProjectConfigurationPlatforms) = postSolution
		{53866B25-ADEB-40B1-9B51-85568E7B095F}.Debug|Any CPU.ActiveCfg = Debug|Any CPU
		{53866B25-ADEB-40B1-9B51-85568E7B095F}.Debug|Any CPU.Build.0 = Debug|Any CPU
		{53866B25-ADEB-40B1-9B51-85568E7B095F}.Release|Any CPU.ActiveCfg = Release|Any CPU
		{53866B25-ADEB-40B1-9B51-85568E7B095F}.Release|Any CPU.Build.0 = Release|Any CPU
		{4902F1A8-8955-443A-B836-92FC5B35E3A3}.Debug|Any CPU.ActiveCfg = Debug|Any CPU
		{4902F1A8-8955-443A-B836-92FC5B35E3A3}.Debug|Any CPU.Build.0 = Debug|Any CPU
		{4902F1A8-8955-443A-B836-92FC5B35E3A3}.Release|Any CPU.ActiveCfg = Release|Any CPU
		{4902F1A8-8955-443A-B836-92FC5B35E3A3}.Release|Any CPU.Build.0 = Release|Any CPU
		{BD76C4EE-20A4-4739-87F4-507318E8646F}.Debug|Any CPU.ActiveCfg = Debug|Any CPU
		{BD76C4EE-20A4-4739-87F4-507318E8646F}.Debug|Any CPU.Build.0 = Debug|Any CPU
		{BD76C4EE-20A4-4739-87F4-507318E8646F}.Release|Any CPU.ActiveCfg = Release|Any CPU
		{BD76C4EE-20A4-4739-87F4-507318E8646F}.Release|Any CPU.Build.0 = Release|Any CPU
		{ACEE0BB2-A419-4170-874E-88935C877FC9}.Debug|Any CPU.ActiveCfg = Debug|Any CPU
		{ACEE0BB2-A419-4170-874E-88935C877FC9}.Debug|Any CPU.Build.0 = Debug|Any CPU
		{ACEE0BB2-A419-4170-874E-88935C877FC9}.Release|Any CPU.ActiveCfg = Release|Any CPU
		{ACEE0BB2-A419-4170-874E-88935C877FC9}.Release|Any CPU.Build.0 = Release|Any CPU
	EndGlobalSection
EndGlobal
